
Microsoft Visual Studio Solution File, Format Version 12.00
# Visual Studio Version 17
VisualStudioVersion = 17.9.34622.214
MinimumVisualStudioVersion = 10.0.40219.1
Project("{FAE04EC0-301F-11D3-BF4B-00C04F79EFBC}") = "Bordro", "Bordro\Bordro.csproj", "{B1F2BE67-57DF-4701-9E11-B764A1D751FC}"
EndProject
Project("{FAE04EC0-301F-11D3-BF4B-00C04F79EFBC}") = "ProgramCalistir", "ProgramCalistir\ProgramCalistir.csproj", "{CCC3F723-F8CA-46C3-9F04-3AD43EE9F926}"
EndProject
Global
	GlobalSection(SolutionConfigurationPlatforms) = preSolution
		Debug|Any CPU = Debug|Any CPU
		Release|Any CPU = Release|Any CPU
	EndGlobalSection
	GlobalSection(ProjectConfigurationPlatforms) = postSolution
		{B1F2BE67-57DF-4701-9E11-B764A1D751FC}.Debug|Any CPU.ActiveCfg = Debug|Any CPU
		{B1F2BE67-57DF-4701-9E11-B764A1D751FC}.Debug|Any CPU.Build.0 = Debug|Any CPU
		{B1F2BE67-57DF-4701-9E11-B764A1D751FC}.Release|Any CPU.ActiveCfg = Release|Any CPU
		{B1F2BE67-57DF-4701-9E11-B764A1D751FC}.Release|Any CPU.Build.0 = Release|Any CPU
		{CCC3F723-F8CA-46C3-9F04-3AD43EE9F926}.Debug|Any CPU.ActiveCfg = Debug|Any CPU
		{CCC3F723-F8CA-46C3-9F04-3AD43EE9F926}.Debug|Any CPU.Build.0 = Debug|Any CPU
		{CCC3F723-F8CA-46C3-9F04-3AD43EE9F926}.Release|Any CPU.ActiveCfg = Release|Any CPU
		{CCC3F723-F8CA-46C3-9F04-3AD43EE9F926}.Release|Any CPU.Build.0 = Release|Any CPU
	EndGlobalSection
	GlobalSection(SolutionProperties) = preSolution
		HideSolutionNode = FALSE
	EndGlobalSection
	GlobalSection(ExtensibilityGlobals) = postSolution
		SolutionGuid = {F109DCD6-1B35-4CD6-A078-9E35510F44D7}
	EndGlobalSection
EndGlobal
